
Microsoft Visual Studio Solution File, Format Version 12.00
# Visual Studio 15
VisualStudioVersion = 15.0.28010.2003
MinimumVisualStudioVersion = 10.0.40219.1
Project("{FAE04EC0-301F-11D3-BF4B-00C04F79EFBC}") = "API_autoevaluacion_docker", "API_autoevaluacion_docker\API_autoevaluacion_docker.csproj", "{25CB5005-D960-48DB-AE84-6324C17888D5}"
EndProject
Global
	GlobalSection(SolutionConfigurationPlatforms) = preSolution
		Debug|Any CPU = Debug|Any CPU
		Release|Any CPU = Release|Any CPU
	EndGlobalSection
	GlobalSection(ProjectConfigurationPlatforms) = postSolution
		{25CB5005-D960-48DB-AE84-6324C17888D5}.Debug|Any CPU.ActiveCfg = Debug|Any CPU
		{25CB5005-D960-48DB-AE84-6324C17888D5}.Debug|Any CPU.Build.0 = Debug|Any CPU
		{25CB5005-D960-48DB-AE84-6324C17888D5}.Release|Any CPU.ActiveCfg = Release|Any CPU
		{25CB5005-D960-48DB-AE84-6324C17888D5}.Release|Any CPU.Build.0 = Release|Any CPU
	EndGlobalSection
	GlobalSection(SolutionProperties) = preSolution
		HideSolutionNode = FALSE
	EndGlobalSection
	GlobalSection(ExtensibilityGlobals) = postSolution
		SolutionGuid = {27120755-0541-41AF-A916-CE9C815496D5}
	EndGlobalSection
EndGlobal
